
Microsoft Visual Studio Solution File, Format Version 12.00
# Visual Studio 15
VisualStudioVersion = 15.0.26430.12
MinimumVisualStudioVersion = 10.0.40219.1
Project("{FAE04EC0-301F-11D3-BF4B-00C04F79EFBC}") = "ClientUI", "ClientUI\ClientUI.csproj", "{BBB2210C-6F13-4D1E-B5EC-975BE23DAD05}"
EndProject
Project("{FAE04EC0-301F-11D3-BF4B-00C04F79EFBC}") = "Messages", "Messages\Messages.csproj", "{5726EADD-E8FE-4058-9C18-3B8838C7FC21}"
EndProject
Project("{FAE04EC0-301F-11D3-BF4B-00C04F79EFBC}") = "Sales", "Sales\Sales.csproj", "{1AE64BE5-B22B-441A-8D3B-7F9995D39E08}"
EndProject
Project("{FAE04EC0-301F-11D3-BF4B-00C04F79EFBC}") = "Billing", "Billing\Billing.csproj", "{2A556859-03CB-4B36-8F43-1563470D3EDE}"
EndProject
Project("{FAE04EC0-301F-11D3-BF4B-00C04F79EFBC}") = "Shipping", "Shipping\Shipping.csproj", "{2CEE601E-B660-42A6-A8F4-479AE2387CCF}"
EndProject
Project("{A07B5EB6-E848-4116-A8D0-A826331D98C6}") = "ServiceFabricHost", "ServiceFabricHost\ServiceFabricHost.sfproj", "{CF51C814-ED09-4714-9CE1-C1CC58B3A24B}"
EndProject
Project("{2150E333-8FDC-42A3-9474-1A3956D46DE8}") = "GuestHost", "GuestHost", "{1B15E81C-E2BE-4934-B797-3417B9589B72}"
EndProject
Project("{2150E333-8FDC-42A3-9474-1A3956D46DE8}") = "StatelessService", "StatelessService", "{0765D91B-BA40-4E89-88A3-262F54F76C3B}"
EndProject
Project("{A07B5EB6-E848-4116-A8D0-A826331D98C6}") = "ServiceFabricStatelessHost", "ServiceFabricStatelessHost\ServiceFabricStatelessHost.sfproj", "{A402613C-DDA3-43BF-9362-682F78382E2D}"
EndProject
Project("{FAE04EC0-301F-11D3-BF4B-00C04F79EFBC}") = "Packaging", "Packaging\Packaging.csproj", "{103C66EF-1F28-4D9B-BE2D-AD82335812FE}"
EndProject
Project("{FAE04EC0-301F-11D3-BF4B-00C04F79EFBC}") = "ClientWebApi", "ClientWebApi\ClientWebApi.csproj", "{3D78E4E8-FE30-47BD-80B9-57081FC1C541}"
EndProject
Global
	GlobalSection(SolutionConfigurationPlatforms) = preSolution
		Debug|Any CPU = Debug|Any CPU
		Debug|x64 = Debug|x64
		Release|Any CPU = Release|Any CPU
		Release|x64 = Release|x64
	EndGlobalSection
	GlobalSection(ProjectConfigurationPlatforms) = postSolution
		{BBB2210C-6F13-4D1E-B5EC-975BE23DAD05}.Debug|Any CPU.ActiveCfg = Debug|Any CPU
		{BBB2210C-6F13-4D1E-B5EC-975BE23DAD05}.Debug|Any CPU.Build.0 = Debug|Any CPU
		{BBB2210C-6F13-4D1E-B5EC-975BE23DAD05}.Debug|x64.ActiveCfg = Debug|Any CPU
		{BBB2210C-6F13-4D1E-B5EC-975BE23DAD05}.Debug|x64.Build.0 = Debug|Any CPU
		{BBB2210C-6F13-4D1E-B5EC-975BE23DAD05}.Release|Any CPU.ActiveCfg = Release|Any CPU
		{BBB2210C-6F13-4D1E-B5EC-975BE23DAD05}.Release|Any CPU.Build.0 = Release|Any CPU
		{BBB2210C-6F13-4D1E-B5EC-975BE23DAD05}.Release|x64.ActiveCfg = Release|Any CPU
		{BBB2210C-6F13-4D1E-B5EC-975BE23DAD05}.Release|x64.Build.0 = Release|Any CPU
		{5726EADD-E8FE-4058-9C18-3B8838C7FC21}.Debug|Any CPU.ActiveCfg = Debug|Any CPU
		{5726EADD-E8FE-4058-9C18-3B8838C7FC21}.Debug|Any CPU.Build.0 = Debug|Any CPU
		{5726EADD-E8FE-4058-9C18-3B8838C7FC21}.Debug|x64.ActiveCfg = Debug|Any CPU
		{5726EADD-E8FE-4058-9C18-3B8838C7FC21}.Debug|x64.Build.0 = Debug|Any CPU
		{5726EADD-E8FE-4058-9C18-3B8838C7FC21}.Release|Any CPU.ActiveCfg = Release|Any CPU
		{5726EADD-E8FE-4058-9C18-3B8838C7FC21}.Release|Any CPU.Build.0 = Release|Any CPU
		{5726EADD-E8FE-4058-9C18-3B8838C7FC21}.Release|x64.ActiveCfg = Release|Any CPU
		{5726EADD-E8FE-4058-9C18-3B8838C7FC21}.Release|x64.Build.0 = Release|Any CPU
		{1AE64BE5-B22B-441A-8D3B-7F9995D39E08}.Debug|Any CPU.ActiveCfg = Debug|Any CPU
		{1AE64BE5-B22B-441A-8D3B-7F9995D39E08}.Debug|Any CPU.Build.0 = Debug|Any CPU
		{1AE64BE5-B22B-441A-8D3B-7F9995D39E08}.Debug|x64.ActiveCfg = Debug|Any CPU
		{1AE64BE5-B22B-441A-8D3B-7F9995D39E08}.Debug|x64.Build.0 = Debug|Any CPU
		{1AE64BE5-B22B-441A-8D3B-7F9995D39E08}.Release|Any CPU.ActiveCfg = Release|Any CPU
		{1AE64BE5-B22B-441A-8D3B-7F9995D39E08}.Release|Any CPU.Build.0 = Release|Any CPU
		{1AE64BE5-B22B-441A-8D3B-7F9995D39E08}.Release|x64.ActiveCfg = Release|Any CPU
		{1AE64BE5-B22B-441A-8D3B-7F9995D39E08}.Release|x64.Build.0 = Release|Any CPU
		{2A556859-03CB-4B36-8F43-1563470D3EDE}.Debug|Any CPU.ActiveCfg = Debug|Any CPU
		{2A556859-03CB-4B36-8F43-1563470D3EDE}.Debug|Any CPU.Build.0 = Debug|Any CPU
		{2A556859-03CB-4B36-8F43-1563470D3EDE}.Debug|x64.ActiveCfg = Debug|Any CPU
		{2A556859-03CB-4B36-8F43-1563470D3EDE}.Debug|x64.Build.0 = Debug|Any CPU
		{2A556859-03CB-4B36-8F43-1563470D3EDE}.Release|Any CPU.ActiveCfg = Release|Any CPU
		{2A556859-03CB-4B36-8F43-1563470D3EDE}.Release|Any CPU.Build.0 = Release|Any CPU
		{2A556859-03CB-4B36-8F43-1563470D3EDE}.Release|x64.ActiveCfg = Release|Any CPU
		{2A556859-03CB-4B36-8F43-1563470D3EDE}.Release|x64.Build.0 = Release|Any CPU
		{2CEE601E-B660-42A6-A8F4-479AE2387CCF}.Debug|Any CPU.ActiveCfg = Debug|Any CPU
		{2CEE601E-B660-42A6-A8F4-479AE2387CCF}.Debug|Any CPU.Build.0 = Debug|Any CPU
		{2CEE601E-B660-42A6-A8F4-479AE2387CCF}.Debug|x64.ActiveCfg = Debug|Any CPU
		{2CEE601E-B660-42A6-A8F4-479AE2387CCF}.Debug|x64.Build.0 = Debug|Any CPU
		{2CEE601E-B660-42A6-A8F4-479AE2387CCF}.Release|Any CPU.ActiveCfg = Release|Any CPU
		{2CEE601E-B660-42A6-A8F4-479AE2387CCF}.Release|Any CPU.Build.0 = Release|Any CPU
		{2CEE601E-B660-42A6-A8F4-479AE2387CCF}.Release|x64.ActiveCfg = Release|Any CPU
		{2CEE601E-B660-42A6-A8F4-479AE2387CCF}.Release|x64.Build.0 = Release|Any CPU
		{CF51C814-ED09-4714-9CE1-C1CC58B3A24B}.Debug|Any CPU.ActiveCfg = Debug|x64
		{CF51C814-ED09-4714-9CE1-C1CC58B3A24B}.Debug|x64.ActiveCfg = Debug|x64
		{CF51C814-ED09-4714-9CE1-C1CC58B3A24B}.Debug|x64.Build.0 = Debug|x64
		{CF51C814-ED09-4714-9CE1-C1CC58B3A24B}.Debug|x64.Deploy.0 = Debug|x64
		{CF51C814-ED09-4714-9CE1-C1CC58B3A24B}.Release|Any CPU.ActiveCfg = Release|x64
		{CF51C814-ED09-4714-9CE1-C1CC58B3A24B}.Release|x64.ActiveCfg = Release|x64
		{CF51C814-ED09-4714-9CE1-C1CC58B3A24B}.Release|x64.Build.0 = Release|x64
		{CF51C814-ED09-4714-9CE1-C1CC58B3A24B}.Release|x64.Deploy.0 = Release|x64
		{A402613C-DDA3-43BF-9362-682F78382E2D}.Debug|Any CPU.ActiveCfg = Debug|x64
		{A402613C-DDA3-43BF-9362-682F78382E2D}.Debug|x64.ActiveCfg = Debug|x64
		{A402613C-DDA3-43BF-9362-682F78382E2D}.Debug|x64.Build.0 = Debug|x64
		{A402613C-DDA3-43BF-9362-682F78382E2D}.Debug|x64.Deploy.0 = Debug|x64
		{A402613C-DDA3-43BF-9362-682F78382E2D}.Release|Any CPU.ActiveCfg = Release|x64
		{A402613C-DDA3-43BF-9362-682F78382E2D}.Release|x64.ActiveCfg = Release|x64
		{A402613C-DDA3-43BF-9362-682F78382E2D}.Release|x64.Build.0 = Release|x64
		{A402613C-DDA3-43BF-9362-682F78382E2D}.Release|x64.Deploy.0 = Release|x64
		{103C66EF-1F28-4D9B-BE2D-AD82335812FE}.Debug|Any CPU.ActiveCfg = Debug|x64
		{103C66EF-1F28-4D9B-BE2D-AD82335812FE}.Debug|x64.ActiveCfg = Debug|x64
		{103C66EF-1F28-4D9B-BE2D-AD82335812FE}.Debug|x64.Build.0 = Debug|x64
		{103C66EF-1F28-4D9B-BE2D-AD82335812FE}.Release|Any CPU.ActiveCfg = Release|x64
		{103C66EF-1F28-4D9B-BE2D-AD82335812FE}.Release|x64.ActiveCfg = Release|x64
		{103C66EF-1F28-4D9B-BE2D-AD82335812FE}.Release|x64.Build.0 = Release|x64
		{3D78E4E8-FE30-47BD-80B9-57081FC1C541}.Debug|Any CPU.ActiveCfg = Debug|Any CPU
		{3D78E4E8-FE30-47BD-80B9-57081FC1C541}.Debug|Any CPU.Build.0 = Debug|Any CPU
		{3D78E4E8-FE30-47BD-80B9-57081FC1C541}.Debug|x64.ActiveCfg = Debug|Any CPU
		{3D78E4E8-FE30-47BD-80B9-57081FC1C541}.Debug|x64.Build.0 = Debug|Any CPU
		{3D78E4E8-FE30-47BD-80B9-57081FC1C541}.Release|Any CPU.ActiveCfg = Release|Any CPU
		{3D78E4E8-FE30-47BD-80B9-57081FC1C541}.Release|Any CPU.Build.0 = Release|Any CPU
		{3D78E4E8-FE30-47BD-80B9-57081FC1C541}.Release|x64.ActiveCfg = Release|Any CPU
		{3D78E4E8-FE30-47BD-80B9-57081FC1C541}.Release|x64.Build.0 = Release|Any CPU
	EndGlobalSection
	GlobalSection(SolutionProperties) = preSolution
		HideSolutionNode = FALSE
	EndGlobalSection
	GlobalSection(NestedProjects) = preSolution
		{BBB2210C-6F13-4D1E-B5EC-975BE23DAD05} = {1B15E81C-E2BE-4934-B797-3417B9589B72}
		{5726EADD-E8FE-4058-9C18-3B8838C7FC21} = {1B15E81C-E2BE-4934-B797-3417B9589B72}
		{1AE64BE5-B22B-441A-8D3B-7F9995D39E08} = {1B15E81C-E2BE-4934-B797-3417B9589B72}
		{2A556859-03CB-4B36-8F43-1563470D3EDE} = {1B15E81C-E2BE-4934-B797-3417B9589B72}
		{2CEE601E-B660-42A6-A8F4-479AE2387CCF} = {1B15E81C-E2BE-4934-B797-3417B9589B72}
		{CF51C814-ED09-4714-9CE1-C1CC58B3A24B} = {1B15E81C-E2BE-4934-B797-3417B9589B72}
		{A402613C-DDA3-43BF-9362-682F78382E2D} = {0765D91B-BA40-4E89-88A3-262F54F76C3B}
		{103C66EF-1F28-4D9B-BE2D-AD82335812FE} = {0765D91B-BA40-4E89-88A3-262F54F76C3B}
		{3D78E4E8-FE30-47BD-80B9-57081FC1C541} = {1B15E81C-E2BE-4934-B797-3417B9589B72}
	EndGlobalSection
EndGlobal
